
Microsoft Visual Studio Solution File, Format Version 12.00
# Visual Studio Version 17
VisualStudioVersion = 17.5.2.0
MinimumVisualStudioVersion = 10.0.40219.1
Project("{FAE04EC0-301F-11D3-BF4B-00C04F79EFBC}") = "Calculando a área de um retângulo", "Calculando a área de um retângulo.csproj", "{162ABDED-FA73-8000-DF94-59CC2F3024C4}"
EndProject
Global
	GlobalSection(SolutionConfigurationPlatforms) = preSolution
		Debug|Any CPU = Debug|Any CPU
		Release|Any CPU = Release|Any CPU
	EndGlobalSection
	GlobalSection(ProjectConfigurationPlatforms) = postSolution
		{162ABDED-FA73-8000-DF94-59CC2F3024C4}.Debug|Any CPU.ActiveCfg = Debug|Any CPU
		{162ABDED-FA73-8000-DF94-59CC2F3024C4}.Debug|Any CPU.Build.0 = Debug|Any CPU
		{162ABDED-FA73-8000-DF94-59CC2F3024C4}.Release|Any CPU.ActiveCfg = Release|Any CPU
		{162ABDED-FA73-8000-DF94-59CC2F3024C4}.Release|Any CPU.Build.0 = Release|Any CPU
	EndGlobalSection
	GlobalSection(SolutionProperties) = preSolution
		HideSolutionNode = FALSE
	EndGlobalSection
	GlobalSection(ExtensibilityGlobals) = postSolution
		SolutionGuid = {B19DAF5F-A7C6-477F-ADD2-9907B113DB06}
	EndGlobalSection
EndGlobal
